
Microsoft Visual Studio Solution File, Format Version 12.00
# Visual Studio Version 16
VisualStudioVersion = 16.0.32002.261
MinimumVisualStudioVersion = 10.0.40219.1
Project("{FAE04EC0-301F-11D3-BF4B-00C04F79EFBC}") = "Asp.NetCoreMVCApi", "Asp.NetCoreMVCApi\Asp.NetCoreMVCApi.csproj", "{375F4A59-B9D9-4AE0-B15C-9383B4B3DDA6}"
EndProject
Project("{FAE04EC0-301F-11D3-BF4B-00C04F79EFBC}") = "AspNetCoreMVCApi_BLL", "AspNetCoreMVCApi_BLL\AspNetCoreMVCApi_BLL.csproj", "{4F727576-8622-4F05-93A2-73F79F3C5D06}"
EndProject
Project("{FAE04EC0-301F-11D3-BF4B-00C04F79EFBC}") = "AspNetCoreMVCApi_EL", "AspNetCoreMVCApi_EL\AspNetCoreMVCApi_EL.csproj", "{DA5BBF5F-43ED-4C87-9D52-65FA0E4395BA}"
EndProject
Project("{FAE04EC0-301F-11D3-BF4B-00C04F79EFBC}") = "AspNetCoreMVCApi_DAL", "AspNetCoreMVCApi_DAL\AspNetCoreMVCApi_DAL.csproj", "{3C0C42E7-B556-4B61-A8D0-487AC80F0FE7}"
EndProject
Global
	GlobalSection(SolutionConfigurationPlatforms) = preSolution
		Debug|Any CPU = Debug|Any CPU
		Release|Any CPU = Release|Any CPU
	EndGlobalSection
	GlobalSection(ProjectConfigurationPlatforms) = postSolution
		{375F4A59-B9D9-4AE0-B15C-9383B4B3DDA6}.Debug|Any CPU.ActiveCfg = Debug|Any CPU
		{375F4A59-B9D9-4AE0-B15C-9383B4B3DDA6}.Debug|Any CPU.Build.0 = Debug|Any CPU
		{375F4A59-B9D9-4AE0-B15C-9383B4B3DDA6}.Release|Any CPU.ActiveCfg = Release|Any CPU
		{375F4A59-B9D9-4AE0-B15C-9383B4B3DDA6}.Release|Any CPU.Build.0 = Release|Any CPU
		{4F727576-8622-4F05-93A2-73F79F3C5D06}.Debug|Any CPU.ActiveCfg = Debug|Any CPU
		{4F727576-8622-4F05-93A2-73F79F3C5D06}.Debug|Any CPU.Build.0 = Debug|Any CPU
		{4F727576-8622-4F05-93A2-73F79F3C5D06}.Release|Any CPU.ActiveCfg = Release|Any CPU
		{4F727576-8622-4F05-93A2-73F79F3C5D06}.Release|Any CPU.Build.0 = Release|Any CPU
		{DA5BBF5F-43ED-4C87-9D52-65FA0E4395BA}.Debug|Any CPU.ActiveCfg = Debug|Any CPU
		{DA5BBF5F-43ED-4C87-9D52-65FA0E4395BA}.Debug|Any CPU.Build.0 = Debug|Any CPU
		{DA5BBF5F-43ED-4C87-9D52-65FA0E4395BA}.Release|Any CPU.ActiveCfg = Release|Any CPU
		{DA5BBF5F-43ED-4C87-9D52-65FA0E4395BA}.Release|Any CPU.Build.0 = Release|Any CPU
		{3C0C42E7-B556-4B61-A8D0-487AC80F0FE7}.Debug|Any CPU.ActiveCfg = Debug|Any CPU
		{3C0C42E7-B556-4B61-A8D0-487AC80F0FE7}.Debug|Any CPU.Build.0 = Debug|Any CPU
		{3C0C42E7-B556-4B61-A8D0-487AC80F0FE7}.Release|Any CPU.ActiveCfg = Release|Any CPU
		{3C0C42E7-B556-4B61-A8D0-487AC80F0FE7}.Release|Any CPU.Build.0 = Release|Any CPU
	EndGlobalSection
	GlobalSection(SolutionProperties) = preSolution
		HideSolutionNode = FALSE
	EndGlobalSection
	GlobalSection(ExtensibilityGlobals) = postSolution
		SolutionGuid = {6C1CC36C-6CEA-41CE-BE81-BF3170BED63E}
	EndGlobalSection
EndGlobal
